
Microsoft Visual Studio Solution File, Format Version 12.00
# Visual Studio Version 17
VisualStudioVersion = 17.1.32414.318
MinimumVisualStudioVersion = 10.0.40219.1
Project("{FAE04EC0-301F-11D3-BF4B-00C04F79EFBC}") = "Contact Tracing Form", "Contact Tracing Form\Contact Tracing Form.csproj", "{489CA85C-0F8A-40E1-AFC1-72F6165BBA1B}"
EndProject
Global
	GlobalSection(SolutionConfigurationPlatforms) = preSolution
		Debug|Any CPU = Debug|Any CPU
		Release|Any CPU = Release|Any CPU
	EndGlobalSection
	GlobalSection(ProjectConfigurationPlatforms) = postSolution
		{489CA85C-0F8A-40E1-AFC1-72F6165BBA1B}.Debug|Any CPU.ActiveCfg = Debug|Any CPU
		{489CA85C-0F8A-40E1-AFC1-72F6165BBA1B}.Debug|Any CPU.Build.0 = Debug|Any CPU
		{489CA85C-0F8A-40E1-AFC1-72F6165BBA1B}.Release|Any CPU.ActiveCfg = Release|Any CPU
		{489CA85C-0F8A-40E1-AFC1-72F6165BBA1B}.Release|Any CPU.Build.0 = Release|Any CPU
	EndGlobalSection
	GlobalSection(SolutionProperties) = preSolution
		HideSolutionNode = FALSE
	EndGlobalSection
	GlobalSection(ExtensibilityGlobals) = postSolution
		SolutionGuid = {C9BFDD31-5D8F-4022-B7B5-7154A4622157}
	EndGlobalSection
EndGlobal
